// !$*UTF8*$!
{
	archiveVersion = 1;
	classes = {
	};
	objectVersion = 46;
	objects = {

/* Begin PBXBuildFile section */
		1D60589F0D05DD5A006BFB54 /* Foundation.framework in Frameworks */ = {isa = PBXBuildFile; fileRef = 1D30AB110D05D00D00671497 /* Foundation.framework */; };
		1DF5F4E00D08C38300B7A737 /* UIKit.framework in Frameworks */ = {isa = PBXBuildFile; fileRef = 1DF5F4DF0D08C38300B7A737 /* UIKit.framework */; };
		28FD15000DC6FC520079059D /* OpenGLES.framework in Frameworks */ = {isa = PBXBuildFile; fileRef = 28FD14FF0DC6FC520079059D /* OpenGLES.framework */; };
		28FD15080DC6FC5B0079059D /* QuartzCore.framework in Frameworks */ = {isa = PBXBuildFile; fileRef = 28FD15070DC6FC5B0079059D /* QuartzCore.framework */; };
		7A2215D01BD6462A00CD6503 /* libSDL2.a in Frameworks */ = {isa = PBXBuildFile; fileRef = 7A2215CF1BD6462A00CD6503 /* libSDL2.a */; };
		7AB5ADC21BD5909500B364AA /* Default-568h@2x.png in Resources */ = {isa = PBXBuildFile; fileRef = 7AB5ADC11BD5909500B364AA /* Default-568h@2x.png */; };
		7ABB26FA1BF21E5E00C8DEBD /* doxyfile in Resources */ = {isa = PBXBuildFile; fileRef = 7ABB26AE1BF21E5D00C8DEBD /* doxyfile */; };
		7ABB26FB1BF21E5E00C8DEBD /* SDL_config.h.cmake in Resources */ = {isa = PBXBuildFile; fileRef = 7ABB26BF1BF21E5D00C8DEBD /* SDL_config.h.cmake */; };
		7ABB26FC1BF21E5E00C8DEBD /* SDL_config.h.in in Resources */ = {isa = PBXBuildFile; fileRef = 7ABB26C01BF21E5D00C8DEBD /* SDL_config.h.in */; };
		7AC0633C1BD907A9000F77F0 /* HXSDLStaticLib.a in Frameworks */ = {isa = PBXBuildFile; fileRef = 7AC0633B1BD907A9000F77F0 /* HXSDLStaticLib.a */; };
		FD779EDE0E26BA1200F39101 /* CoreAudio.framework in Frameworks */ = {isa = PBXBuildFile; fileRef = FD779EDD0E26BA1200F39101 /* CoreAudio.framework */; };
		FD77A07D0E26BD8C00F39101 /* Icon.png in Resources */ = {isa = PBXBuildFile; fileRef = FD77A07C0E26BD8C00F39101 /* Icon.png */; };
		FD77A07F0E26BDA900F39101 /* Default.png in Resources */ = {isa = PBXBuildFile; fileRef = FD77A07E0E26BDA900F39101 /* Default.png */; };
		FD77A0850E26BDB800F39101 /* AudioToolbox.framework in Frameworks */ = {isa = PBXBuildFile; fileRef = FD77A0840E26BDB800F39101 /* AudioToolbox.framework */; };
		FD77A09D0E26BDE500F39101 /* main.c in Sources */ = {isa = PBXBuildFile; fileRef = FD77A09C0E26BDE500F39101 /* main.c */; };
		FDB8BFC60E5A0F6A00980157 /* CoreGraphics.framework in Frameworks */ = {isa = PBXBuildFile; fileRef = FDB8BFC50E5A0F6A00980157 /* CoreGraphics.framework */; };
/* End PBXBuildFile section */

/* Begin PBXFileReference section */
		1D30AB110D05D00D00671497 /* Foundation.framework */ = {isa = PBXFileReference; lastKnownFileType = wrapper.framework; name = Foundation.framework; path = System/Library/Frameworks/Foundation.framework; sourceTree = SDKROOT; };
		1D6058910D05DD3D006BFB54 /* TESTSDL01.app */ = {isa = PBXFileReference; explicitFileType = wrapper.application; includeInIndex = 0; path = TESTSDL01.app; sourceTree = BUILT_PRODUCTS_DIR; };
		1DF5F4DF0D08C38300B7A737 /* UIKit.framework */ = {isa = PBXFileReference; lastKnownFileType = wrapper.framework; name = UIKit.framework; path = System/Library/Frameworks/UIKit.framework; sourceTree = SDKROOT; };
		28FD14FF0DC6FC520079059D /* OpenGLES.framework */ = {isa = PBXFileReference; lastKnownFileType = wrapper.framework; name = OpenGLES.framework; path = System/Library/Frameworks/OpenGLES.framework; sourceTree = SDKROOT; };
		28FD15070DC6FC5B0079059D /* QuartzCore.framework */ = {isa = PBXFileReference; lastKnownFileType = wrapper.framework; name = QuartzCore.framework; path = System/Library/Frameworks/QuartzCore.framework; sourceTree = SDKROOT; };
		7A22150D1BD620AF00CD6503 /* IOSMain_stub.h */ = {isa = PBXFileReference; fileEncoding = 4; lastKnownFileType = sourcecode.c.h; name = IOSMain_stub.h; path = ../HXSDL/IOSMain_stub.h; sourceTree = "<group>"; };
		7A22150E1BD620C400CD6503 /* HaskelliOS.xcconfig */ = {isa = PBXFileReference; fileEncoding = 4; lastKnownFileType = text.xcconfig; name = HaskelliOS.xcconfig; path = ../HXSDL/HaskelliOS.xcconfig; sourceTree = "<group>"; };
		7A2215CF1BD6462A00CD6503 /* libSDL2.a */ = {isa = PBXFileReference; lastKnownFileType = archive.ar; path = libSDL2.a; sourceTree = "<group>"; };
		7AB5ADC11BD5909500B364AA /* Default-568h@2x.png */ = {isa = PBXFileReference; lastKnownFileType = image.png; path = "Default-568h@2x.png"; sourceTree = "<group>"; };
		7ABB26AC1BF21E5D00C8DEBD /* begin_code.h */ = {isa = PBXFileReference; fileEncoding = 4; lastKnownFileType = sourcecode.c.h; name = begin_code.h; path = include/begin_code.h; sourceTree = "<group>"; };
		7ABB26AD1BF21E5D00C8DEBD /* close_code.h */ = {isa = PBXFileReference; fileEncoding = 4; lastKnownFileType = sourcecode.c.h; name = close_code.h; path = include/close_code.h; sourceTree = "<group>"; };
		7ABB26AE1BF21E5D00C8DEBD /* doxyfile */ = {isa = PBXFileReference; fileEncoding = 4; lastKnownFileType = text; name = doxyfile; path = include/doxyfile; sourceTree = "<group>"; };
		7ABB26AF1BF21E5D00C8DEBD /* SDL_assert.h */ = {isa = PBXFileReference; fileEncoding = 4; lastKnownFileType = sourcecode.c.h; name = SDL_assert.h; path = include/SDL_assert.h; sourceTree = "<group>"; };
		7ABB26B01BF21E5D00C8DEBD /* SDL_atomic.h */ = {isa = PBXFileReference; fileEncoding = 4; lastKnownFileType = sourcecode.c.h; name = SDL_atomic.h; path = include/SDL_atomic.h; sourceTree = "<group>"; };
		7ABB26B11BF21E5D00C8DEBD /* SDL_audio.h */ = {isa = PBXFileReference; fileEncoding = 4; lastKnownFileType = sourcecode.c.h; name = SDL_audio.h; path = include/SDL_audio.h; sourceTree = "<group>"; };
		7ABB26B21BF21E5D00C8DEBD /* SDL_bits.h */ = {isa = PBXFileReference; fileEncoding = 4; lastKnownFileType = sourcecode.c.h; name = SDL_bits.h; path = include/SDL_bits.h; sourceTree = "<group>"; };
		7ABB26B31BF21E5D00C8DEBD /* SDL_blendmode.h */ = {isa = PBXFileReference; fileEncoding = 4; lastKnownFileType = sourcecode.c.h; name = SDL_blendmode.h; path = include/SDL_blendmode.h; sourceTree = "<group>"; };
		7ABB26B41BF21E5D00C8DEBD /* SDL_clipboard.h */ = {isa = PBXFileReference; fileEncoding = 4; lastKnownFileType = sourcecode.c.h; name = SDL_clipboard.h; path = include/SDL_clipboard.h; sourceTree = "<group>"; };
		7ABB26B51BF21E5D00C8DEBD /* SDL_config_android.h */ = {isa = PBXFileReference; fileEncoding = 4; lastKnownFileType = sourcecode.c.h; name = SDL_config_android.h; path = include/SDL_config_android.h; sourceTree = "<group>"; };
		7ABB26B61BF21E5D00C8DEBD /* SDL_config_iphoneos.h */ = {isa = PBXFileReference; fileEncoding = 4; lastKnownFileType = sourcecode.c.h; name = SDL_config_iphoneos.h; path = include/SDL_config_iphoneos.h; sourceTree = "<group>"; };
		7ABB26B71BF21E5D00C8DEBD /* SDL_config_macosx.h */ = {isa = PBXFileReference; fileEncoding = 4; lastKnownFileType = sourcecode.c.h; name = SDL_config_macosx.h; path = include/SDL_config_macosx.h; sourceTree = "<group>"; };
		7ABB26B81BF21E5D00C8DEBD /* SDL_config_minimal.h */ = {isa = PBXFileReference; fileEncoding = 4; lastKnownFileType = sourcecode.c.h; name = SDL_config_minimal.h; path = include/SDL_config_minimal.h; sourceTree = "<group>"; };
		7ABB26B91BF21E5D00C8DEBD /* SDL_config_pandora.h */ = {isa = PBXFileReference; fileEncoding = 4; lastKnownFileType = sourcecode.c.h; name = SDL_config_pandora.h; path = include/SDL_config_pandora.h; sourceTree = "<group>"; };
		7ABB26BA1BF21E5D00C8DEBD /* SDL_config_psp.h */ = {isa = PBXFileReference; fileEncoding = 4; lastKnownFileType = sourcecode.c.h; name = SDL_config_psp.h; path = include/SDL_config_psp.h; sourceTree = "<group>"; };
		7ABB26BB1BF21E5D00C8DEBD /* SDL_config_windows.h */ = {isa = PBXFileReference; fileEncoding = 4; lastKnownFileType = sourcecode.c.h; name = SDL_config_windows.h; path = include/SDL_config_windows.h; sourceTree = "<group>"; };
		7ABB26BC1BF21E5D00C8DEBD /* SDL_config_winrt.h */ = {isa = PBXFileReference; fileEncoding = 4; lastKnownFileType = sourcecode.c.h; name = SDL_config_winrt.h; path = include/SDL_config_winrt.h; sourceTree = "<group>"; };
		7ABB26BD1BF21E5D00C8DEBD /* SDL_config_wiz.h */ = {isa = PBXFileReference; fileEncoding = 4; lastKnownFileType = sourcecode.c.h; name = SDL_config_wiz.h; path = include/SDL_config_wiz.h; sourceTree = "<group>"; };
		7ABB26BE1BF21E5D00C8DEBD /* SDL_config.h */ = {isa = PBXFileReference; fileEncoding = 4; lastKnownFileType = sourcecode.c.h; name = SDL_config.h; path = include/SDL_config.h; sourceTree = "<group>"; };
		7ABB26BF1BF21E5D00C8DEBD /* SDL_config.h.cmake */ = {isa = PBXFileReference; fileEncoding = 4; lastKnownFileType = text; name = SDL_config.h.cmake; path = include/SDL_config.h.cmake; sourceTree = "<group>"; };
		7ABB26C01BF21E5D00C8DEBD /* SDL_config.h.in */ = {isa = PBXFileReference; fileEncoding = 4; lastKnownFileType = text; name = SDL_config.h.in; path = include/SDL_config.h.in; sourceTree = "<group>"; };
		7ABB26C11BF21E5D00C8DEBD /* SDL_copying.h */ = {isa = PBXFileReference; fileEncoding = 4; lastKnownFileType = sourcecode.c.h; name = SDL_copying.h; path = include/SDL_copying.h; sourceTree = "<group>"; };
		7ABB26C21BF21E5D00C8DEBD /* SDL_cpuinfo.h */ = {isa = PBXFileReference; fileEncoding = 4; lastKnownFileType = sourcecode.c.h; name = SDL_cpuinfo.h; path = include/SDL_cpuinfo.h; sourceTree = "<group>"; };
		7ABB26C31BF21E5D00C8DEBD /* SDL_egl.h */ = {isa = PBXFileReference; fileEncoding = 4; lastKnownFileType = sourcecode.c.h; name = SDL_egl.h; path = include/SDL_egl.h; sourceTree = "<group>"; };
		7ABB26C41BF21E5D00C8DEBD /* SDL_endian.h */ = {isa = PBXFileReference; fileEncoding = 4; lastKnownFileType = sourcecode.c.h; name = SDL_endian.h; path = include/SDL_endian.h; sourceTree = "<group>"; };
		7ABB26C51BF21E5D00C8DEBD /* SDL_error.h */ = {isa = PBXFileReference; fileEncoding = 4; lastKnownFileType = sourcecode.c.h; name = SDL_error.h; path = include/SDL_error.h; sourceTree = "<group>"; };
		7ABB26C61BF21E5D00C8DEBD /* SDL_events.h */ = {isa = PBXFileReference; fileEncoding = 4; lastKnownFileType = sourcecode.c.h; name = SDL_events.h; path = include/SDL_events.h; sourceTree = "<group>"; };
		7ABB26C71BF21E5D00C8DEBD /* SDL_filesystem.h */ = {isa = PBXFileReference; fileEncoding = 4; lastKnownFileType = sourcecode.c.h; name = SDL_filesystem.h; path = include/SDL_filesystem.h; sourceTree = "<group>"; };
		7ABB26C81BF21E5D00C8DEBD /* SDL_gamecontroller.h */ = {isa = PBXFileReference; fileEncoding = 4; lastKnownFileType = sourcecode.c.h; name = SDL_gamecontroller.h; path = include/SDL_gamecontroller.h; sourceTree = "<group>"; };
		7ABB26C91BF21E5D00C8DEBD /* SDL_gesture.h */ = {isa = PBXFileReference; fileEncoding = 4; lastKnownFileType = sourcecode.c.h; name = SDL_gesture.h; path = include/SDL_gesture.h; sourceTree = "<group>"; };
		7ABB26CA1BF21E5D00C8DEBD /* SDL_haptic.h */ = {isa = PBXFileReference; fileEncoding = 4; lastKnownFileType = sourcecode.c.h; name = SDL_haptic.h; path = include/SDL_haptic.h; sourceTree = "<group>"; };
		7ABB26CB1BF21E5D00C8DEBD /* SDL_hints.h */ = {isa = PBXFileReference; fileEncoding = 4; lastKnownFileType = sourcecode.c.h; name = SDL_hints.h; path = include/SDL_hints.h; sourceTree = "<group>"; };
		7ABB26CC1BF21E5D00C8DEBD /* SDL_joystick.h */ = {isa = PBXFileReference; fileEncoding = 4; lastKnownFileType = sourcecode.c.h; name = SDL_joystick.h; path = include/SDL_joystick.h; sourceTree = "<group>"; };
		7ABB26CD1BF21E5D00C8DEBD /* SDL_keyboard.h */ = {isa = PBXFileReference; fileEncoding = 4; lastKnownFileType = sourcecode.c.h; name = SDL_keyboard.h; path = include/SDL_keyboard.h; sourceTree = "<group>"; };
		7ABB26CE1BF21E5D00C8DEBD /* SDL_keycode.h */ = {isa = PBXFileReference; fileEncoding = 4; lastKnownFileType = sourcecode.c.h; name = SDL_keycode.h; path = include/SDL_keycode.h; sourceTree = "<group>"; };
		7ABB26CF1BF21E5D00C8DEBD /* SDL_loadso.h */ = {isa = PBXFileReference; fileEncoding = 4; lastKnownFileType = sourcecode.c.h; name = SDL_loadso.h; path = include/SDL_loadso.h; sourceTree = "<group>"; };
		7ABB26D01BF21E5D00C8DEBD /* SDL_log.h */ = {isa = PBXFileReference; fileEncoding = 4; lastKnownFileType = sourcecode.c.h; name = SDL_log.h; path = include/SDL_log.h; sourceTree = "<group>"; };
		7ABB26D11BF21E5D00C8DEBD /* SDL_main.h */ = {isa = PBXFileReference; fileEncoding = 4; lastKnownFileType = sourcecode.c.h; name = SDL_main.h; path = include/SDL_main.h; sourceTree = "<group>"; };
		7ABB26D21BF21E5D00C8DEBD /* SDL_messagebox.h */ = {isa = PBXFileReference; fileEncoding = 4; lastKnownFileType = sourcecode.c.h; name = SDL_messagebox.h; path = include/SDL_messagebox.h; sourceTree = "<group>"; };
		7ABB26D31BF21E5D00C8DEBD /* SDL_mouse.h */ = {isa = PBXFileReference; fileEncoding = 4; lastKnownFileType = sourcecode.c.h; name = SDL_mouse.h; path = include/SDL_mouse.h; sourceTree = "<group>"; };
		7ABB26D41BF21E5E00C8DEBD /* SDL_mutex.h */ = {isa = PBXFileReference; fileEncoding = 4; lastKnownFileType = sourcecode.c.h; name = SDL_mutex.h; path = include/SDL_mutex.h; sourceTree = "<group>"; };
		7ABB26D51BF21E5E00C8DEBD /* SDL_name.h */ = {isa = PBXFileReference; fileEncoding = 4; lastKnownFileType = sourcecode.c.h; name = SDL_name.h; path = include/SDL_name.h; sourceTree = "<group>"; };
		7ABB26D61BF21E5E00C8DEBD /* SDL_opengl.h */ = {isa = PBXFileReference; fileEncoding = 4; lastKnownFileType = sourcecode.c.h; name = SDL_opengl.h; path = include/SDL_opengl.h; sourceTree = "<group>"; };
		7ABB26D71BF21E5E00C8DEBD /* SDL_opengles.h */ = {isa = PBXFileReference; fileEncoding = 4; lastKnownFileType = sourcecode.c.h; name = SDL_opengles.h; path = include/SDL_opengles.h; sourceTree = "<group>"; };
		7ABB26D81BF21E5E00C8DEBD /* SDL_opengles2.h */ = {isa = PBXFileReference; fileEncoding = 4; lastKnownFileType = sourcecode.c.h; name = SDL_opengles2.h; path = include/SDL_opengles2.h; sourceTree = "<group>"; };
		7ABB26D91BF21E5E00C8DEBD /* SDL_pixels.h */ = {isa = PBXFileReference; fileEncoding = 4; lastKnownFileType = sourcecode.c.h; name = SDL_pixels.h; path = include/SDL_pixels.h; sourceTree = "<group>"; };
		7ABB26DA1BF21E5E00C8DEBD /* SDL_platform.h */ = {isa = PBXFileReference; fileEncoding = 4; lastKnownFileType = sourcecode.c.h; name = SDL_platform.h; path = include/SDL_platform.h; sourceTree = "<group>"; };
		7ABB26DB1BF21E5E00C8DEBD /* SDL_power.h */ = {isa = PBXFileReference; fileEncoding = 4; lastKnownFileType = sourcecode.c.h; name = SDL_power.h; path = include/SDL_power.h; sourceTree = "<group>"; };
		7ABB26DC1BF21E5E00C8DEBD /* SDL_quit.h */ = {isa = PBXFileReference; fileEncoding = 4; lastKnownFileType = sourcecode.c.h; name = SDL_quit.h; path = include/SDL_quit.h; sourceTree = "<group>"; };
		7ABB26DD1BF21E5E00C8DEBD /* SDL_rect.h */ = {isa = PBXFileReference; fileEncoding = 4; lastKnownFileType = sourcecode.c.h; name = SDL_rect.h; path = include/SDL_rect.h; sourceTree = "<group>"; };
		7ABB26DE1BF21E5E00C8DEBD /* SDL_render.h */ = {isa = PBXFileReference; fileEncoding = 4; lastKnownFileType = sourcecode.c.h; name = SDL_render.h; path = include/SDL_render.h; sourceTree = "<group>"; };
		7ABB26DF1BF21E5E00C8DEBD /* SDL_revision.h */ = {isa = PBXFileReference; fileEncoding = 4; lastKnownFileType = sourcecode.c.h; name = SDL_revision.h; path = include/SDL_revision.h; sourceTree = "<group>"; };
		7ABB26E01BF21E5E00C8DEBD /* SDL_rwops.h */ = {isa = PBXFileReference; fileEncoding = 4; lastKnownFileType = sourcecode.c.h; name = SDL_rwops.h; path = include/SDL_rwops.h; sourceTree = "<group>"; };
		7ABB26E11BF21E5E00C8DEBD /* SDL_scancode.h */ = {isa = PBXFileReference; fileEncoding = 4; lastKnownFileType = sourcecode.c.h; name = SDL_scancode.h; path = include/SDL_scancode.h; sourceTree = "<group>"; };
		7ABB26E21BF21E5E00C8DEBD /* SDL_shape.h */ = {isa = PBXFileReference; fileEncoding = 4; lastKnownFileType = sourcecode.c.h; name = SDL_shape.h; path = include/SDL_shape.h; sourceTree = "<group>"; };
		7ABB26E31BF21E5E00C8DEBD /* SDL_stdinc.h */ = {isa = PBXFileReference; fileEncoding = 4; lastKnownFileType = sourcecode.c.h; name = SDL_stdinc.h; path = include/SDL_stdinc.h; sourceTree = "<group>"; };
		7ABB26E41BF21E5E00C8DEBD /* SDL_surface.h */ = {isa = PBXFileReference; fileEncoding = 4; lastKnownFileType = sourcecode.c.h; name = SDL_surface.h; path = include/SDL_surface.h; sourceTree = "<group>"; };
		7ABB26E51BF21E5E00C8DEBD /* SDL_system.h */ = {isa = PBXFileReference; fileEncoding = 4; lastKnownFileType = sourcecode.c.h; name = SDL_system.h; path = include/SDL_system.h; sourceTree = "<group>"; };
		7ABB26E61BF21E5E00C8DEBD /* SDL_syswm.h */ = {isa = PBXFileReference; fileEncoding = 4; lastKnownFileType = sourcecode.c.h; name = SDL_syswm.h; path = include/SDL_syswm.h; sourceTree = "<group>"; };
		7ABB26E71BF21E5E00C8DEBD /* SDL_test_assert.h */ = {isa = PBXFileReference; fileEncoding = 4; lastKnownFileType = sourcecode.c.h; name = SDL_test_assert.h; path = include/SDL_test_assert.h; sourceTree = "<group>"; };
		7ABB26E81BF21E5E00C8DEBD /* SDL_test_common.h */ = {isa = PBXFileReference; fileEncoding = 4; lastKnownFileType = sourcecode.c.h; name = SDL_test_common.h; path = include/SDL_test_common.h; sourceTree = "<group>"; };
		7ABB26E91BF21E5E00C8DEBD /* SDL_test_compare.h */ = {isa = PBXFileReference; fileEncoding = 4; lastKnownFileType = sourcecode.c.h; name = SDL_test_compare.h; path = include/SDL_test_compare.h; sourceTree = "<group>"; };
		7ABB26EA1BF21E5E00C8DEBD /* SDL_test_crc32.h */ = {isa = PBXFileReference; fileEncoding = 4; lastKnownFileType = sourcecode.c.h; name = SDL_test_crc32.h; path = include/SDL_test_crc32.h; sourceTree = "<group>"; };
		7ABB26EB1BF21E5E00C8DEBD /* SDL_test_font.h */ = {isa = PBXFileReference; fileEncoding = 4; lastKnownFileType = sourcecode.c.h; name = SDL_test_font.h; path = include/SDL_test_font.h; sourceTree = "<group>"; };
		7ABB26EC1BF21E5E00C8DEBD /* SDL_test_fuzzer.h */ = {isa = PBXFileReference; fileEncoding = 4; lastKnownFileType = sourcecode.c.h; name = SDL_test_fuzzer.h; path = include/SDL_test_fuzzer.h; sourceTree = "<group>"; };
		7ABB26ED1BF21E5E00C8DEBD /* SDL_test_harness.h */ = {isa = PBXFileReference; fileEncoding = 4; lastKnownFileType = sourcecode.c.h; name = SDL_test_harness.h; path = include/SDL_test_harness.h; sourceTree = "<group>"; };
		7ABB26EE1BF21E5E00C8DEBD /* SDL_test_images.h */ = {isa = PBXFileReference; fileEncoding = 4; lastKnownFileType = sourcecode.c.h; name = SDL_test_images.h; path = include/SDL_test_images.h; sourceTree = "<group>"; };
		7ABB26EF1BF21E5E00C8DEBD /* SDL_test_log.h */ = {isa = PBXFileReference; fileEncoding = 4; lastKnownFileType = sourcecode.c.h; name = SDL_test_log.h; path = include/SDL_test_log.h; sourceTree = "<group>"; };
		7ABB26F01BF21E5E00C8DEBD /* SDL_test_md5.h */ = {isa = PBXFileReference; fileEncoding = 4; lastKnownFileType = sourcecode.c.h; name = SDL_test_md5.h; path = include/SDL_test_md5.h; sourceTree = "<group>"; };
		7ABB26F11BF21E5E00C8DEBD /* SDL_test_random.h */ = {isa = PBXFileReference; fileEncoding = 4; lastKnownFileType = sourcecode.c.h; name = SDL_test_random.h; path = include/SDL_test_random.h; sourceTree = "<group>"; };
		7ABB26F21BF21E5E00C8DEBD /* SDL_test.h */ = {isa = PBXFileReference; fileEncoding = 4; lastKnownFileType = sourcecode.c.h; name = SDL_test.h; path = include/SDL_test.h; sourceTree = "<group>"; };
		7ABB26F31BF21E5E00C8DEBD /* SDL_thread.h */ = {isa = PBXFileReference; fileEncoding = 4; lastKnownFileType = sourcecode.c.h; name = SDL_thread.h; path = include/SDL_thread.h; sourceTree = "<group>"; };
		7ABB26F41BF21E5E00C8DEBD /* SDL_timer.h */ = {isa = PBXFileReference; fileEncoding = 4; lastKnownFileType = sourcecode.c.h; name = SDL_timer.h; path = include/SDL_timer.h; sourceTree = "<group>"; };
		7ABB26F51BF21E5E00C8DEBD /* SDL_touch.h */ = {isa = PBXFileReference; fileEncoding = 4; lastKnownFileType = sourcecode.c.h; name = SDL_touch.h; path = include/SDL_touch.h; sourceTree = "<group>"; };
		7ABB26F61BF21E5E00C8DEBD /* SDL_types.h */ = {isa = PBXFileReference; fileEncoding = 4; lastKnownFileType = sourcecode.c.h; name = SDL_types.h; path = include/SDL_types.h; sourceTree = "<group>"; };
		7ABB26F71BF21E5E00C8DEBD /* SDL_version.h */ = {isa = PBXFileReference; fileEncoding = 4; lastKnownFileType = sourcecode.c.h; name = SDL_version.h; path = include/SDL_version.h; sourceTree = "<group>"; };
		7ABB26F81BF21E5E00C8DEBD /* SDL_video.h */ = {isa = PBXFileReference; fileEncoding = 4; lastKnownFileType = sourcecode.c.h; name = SDL_video.h; path = include/SDL_video.h; sourceTree = "<group>"; };
		7ABB26F91BF21E5E00C8DEBD /* SDL.h */ = {isa = PBXFileReference; fileEncoding = 4; lastKnownFileType = sourcecode.c.h; name = SDL.h; path = include/SDL.h; sourceTree = "<group>"; };
		7AC0633B1BD907A9000F77F0 /* HXSDLStaticLib.a */ = {isa = PBXFileReference; lastKnownFileType = archive.ar; path = HXSDLStaticLib.a; sourceTree = "<group>"; };
		8D1107310486CEB800E47090 /* Info.plist */ = {isa = PBXFileReference; fileEncoding = 4; lastKnownFileType = text.plist.xml; path = Info.plist; sourceTree = "<group>"; };
		FD779EDD0E26BA1200F39101 /* CoreAudio.framework */ = {isa = PBXFileReference; lastKnownFileType = wrapper.framework; name = CoreAudio.framework; path = System/Library/Frameworks/CoreAudio.framework; sourceTree = SDKROOT; };
		FD77A07C0E26BD8C00F39101 /* Icon.png */ = {isa = PBXFileReference; lastKnownFileType = image.png; path = Icon.png; sourceTree = "<group>"; };
		FD77A07E0E26BDA900F39101 /* Default.png */ = {isa = PBXFileReference; lastKnownFileType = image.png; path = Default.png; sourceTree = "<group>"; };
		FD77A0840E26BDB800F39101 /* AudioToolbox.framework */ = {isa = PBXFileReference; lastKnownFileType = wrapper.framework; name = AudioToolbox.framework; path = System/Library/Frameworks/AudioToolbox.framework; sourceTree = SDKROOT; };
		FD77A09C0E26BDE500F39101 /* main.c */ = {isa = PBXFileReference; fileEncoding = 4; lastKnownFileType = sourcecode.c.c; path = main.c; sourceTree = "<group>"; };
		FDB8BFC50E5A0F6A00980157 /* CoreGraphics.framework */ = {isa = PBXFileReference; lastKnownFileType = wrapper.framework; name = CoreGraphics.framework; path = System/Library/Frameworks/CoreGraphics.framework; sourceTree = SDKROOT; };
/* End PBXFileReference section */

/* Begin PBXFrameworksBuildPhase section */
		1D60588F0D05DD3D006BFB54 /* Frameworks */ = {
			isa = PBXFrameworksBuildPhase;
			buildActionMask = 2147483647;
			files = (
				7AC0633C1BD907A9000F77F0 /* HXSDLStaticLib.a in Frameworks */,
				7A2215D01BD6462A00CD6503 /* libSDL2.a in Frameworks */,
				1D60589F0D05DD5A006BFB54 /* Foundation.framework in Frameworks */,
				1DF5F4E00D08C38300B7A737 /* UIKit.framework in Frameworks */,
				28FD15000DC6FC520079059D /* OpenGLES.framework in Frameworks */,
				28FD15080DC6FC5B0079059D /* QuartzCore.framework in Frameworks */,
				FD779EDE0E26BA1200F39101 /* CoreAudio.framework in Frameworks */,
				FD77A0850E26BDB800F39101 /* AudioToolbox.framework in Frameworks */,
				FDB8BFC60E5A0F6A00980157 /* CoreGraphics.framework in Frameworks */,
			);
			runOnlyForDeploymentPostprocessing = 0;
		};
/* End PBXFrameworksBuildPhase section */

/* Begin PBXGroup section */
		0097E29812F70C4D00724AC5 /* SDL */ = {
			isa = PBXGroup;
			children = (
				7AB3250C1BD540D40062159B /* include */,
				0097E2D412F70C4D00724AC5 /* lib */,
			);
			path = SDL;
			sourceTree = "<group>";
		};
		0097E2D412F70C4D00724AC5 /* lib */ = {
			isa = PBXGroup;
			children = (
				7AC0633B1BD907A9000F77F0 /* HXSDLStaticLib.a */,
				7A2215CF1BD6462A00CD6503 /* libSDL2.a */,
			);
			path = lib;
			sourceTree = "<group>";
		};
		19C28FACFE9D520D11CA2CBB /* Products */ = {
			isa = PBXGroup;
			children = (
				1D6058910D05DD3D006BFB54 /* TESTSDL01.app */,
			);
			name = Products;
			sourceTree = "<group>";
		};
		29B97314FDCFA39411CA2CEA /* CustomTemplate */ = {
			isa = PBXGroup;
			children = (
				7A22150E1BD620C400CD6503 /* HaskelliOS.xcconfig */,
				7A22150D1BD620AF00CD6503 /* IOSMain_stub.h */,
				7AB5ADC11BD5909500B364AA /* Default-568h@2x.png */,
				29B97315FDCFA39411CA2CEA /* Sources */,
				29B97317FDCFA39411CA2CEA /* Resources */,
				0097E29812F70C4D00724AC5 /* SDL */,
				29B97323FDCFA39411CA2CEA /* Frameworks */,
				19C28FACFE9D520D11CA2CBB /* Products */,
			);
			name = CustomTemplate;
			sourceTree = "<group>";
		};
		29B97315FDCFA39411CA2CEA /* Sources */ = {
			isa = PBXGroup;
			children = (
				FD77A09C0E26BDE500F39101 /* main.c */,
			);
			name = Sources;
			sourceTree = "<group>";
		};
		29B97317FDCFA39411CA2CEA /* Resources */ = {
			isa = PBXGroup;
			children = (
				FD77A07E0E26BDA900F39101 /* Default.png */,
				FD77A07C0E26BD8C00F39101 /* Icon.png */,
				8D1107310486CEB800E47090 /* Info.plist */,
			);
			name = Resources;
			sourceTree = "<group>";
		};
		29B97323FDCFA39411CA2CEA /* Frameworks */ = {
			isa = PBXGroup;
			children = (
				FDB8BFC50E5A0F6A00980157 /* CoreGraphics.framework */,
				FD77A0840E26BDB800F39101 /* AudioToolbox.framework */,
				FD779EDD0E26BA1200F39101 /* CoreAudio.framework */,
				28FD15070DC6FC5B0079059D /* QuartzCore.framework */,
				28FD14FF0DC6FC520079059D /* OpenGLES.framework */,
				1DF5F4DF0D08C38300B7A737 /* UIKit.framework */,
				1D30AB110D05D00D00671497 /* Foundation.framework */,
			);
			name = Frameworks;
			sourceTree = "<group>";
		};
		7AB3250C1BD540D40062159B /* include */ = {
			isa = PBXGroup;
			children = (
				7ABB26AC1BF21E5D00C8DEBD /* begin_code.h */,
				7ABB26AD1BF21E5D00C8DEBD /* close_code.h */,
				7ABB26AE1BF21E5D00C8DEBD /* doxyfile */,
				7ABB26AF1BF21E5D00C8DEBD /* SDL_assert.h */,
				7ABB26B01BF21E5D00C8DEBD /* SDL_atomic.h */,
				7ABB26B11BF21E5D00C8DEBD /* SDL_audio.h */,
				7ABB26B21BF21E5D00C8DEBD /* SDL_bits.h */,
				7ABB26B31BF21E5D00C8DEBD /* SDL_blendmode.h */,
				7ABB26B41BF21E5D00C8DEBD /* SDL_clipboard.h */,
				7ABB26B51BF21E5D00C8DEBD /* SDL_config_android.h */,
				7ABB26B61BF21E5D00C8DEBD /* SDL_config_iphoneos.h */,
				7ABB26B71BF21E5D00C8DEBD /* SDL_config_macosx.h */,
				7ABB26B81BF21E5D00C8DEBD /* SDL_config_minimal.h */,
				7ABB26B91BF21E5D00C8DEBD /* SDL_config_pandora.h */,
				7ABB26BA1BF21E5D00C8DEBD /* SDL_config_psp.h */,
				7ABB26BB1BF21E5D00C8DEBD /* SDL_config_windows.h */,
				7ABB26BC1BF21E5D00C8DEBD /* SDL_config_winrt.h */,
				7ABB26BD1BF21E5D00C8DEBD /* SDL_config_wiz.h */,
				7ABB26BE1BF21E5D00C8DEBD /* SDL_config.h */,
				7ABB26BF1BF21E5D00C8DEBD /* SDL_config.h.cmake */,
				7ABB26C01BF21E5D00C8DEBD /* SDL_config.h.in */,
				7ABB26C11BF21E5D00C8DEBD /* SDL_copying.h */,
				7ABB26C21BF21E5D00C8DEBD /* SDL_cpuinfo.h */,
				7ABB26C31BF21E5D00C8DEBD /* SDL_egl.h */,
				7ABB26C41BF21E5D00C8DEBD /* SDL_endian.h */,
				7ABB26C51BF21E5D00C8DEBD /* SDL_error.h */,
				7ABB26C61BF21E5D00C8DEBD /* SDL_events.h */,
				7ABB26C71BF21E5D00C8DEBD /* SDL_filesystem.h */,
				7ABB26C81BF21E5D00C8DEBD /* SDL_gamecontroller.h */,
				7ABB26C91BF21E5D00C8DEBD /* SDL_gesture.h */,
				7ABB26CA1BF21E5D00C8DEBD /* SDL_haptic.h */,
				7ABB26CB1BF21E5D00C8DEBD /* SDL_hints.h */,
				7ABB26CC1BF21E5D00C8DEBD /* SDL_joystick.h */,
				7ABB26CD1BF21E5D00C8DEBD /* SDL_keyboard.h */,
				7ABB26CE1BF21E5D00C8DEBD /* SDL_keycode.h */,
				7ABB26CF1BF21E5D00C8DEBD /* SDL_loadso.h */,
				7ABB26D01BF21E5D00C8DEBD /* SDL_log.h */,
				7ABB26D11BF21E5D00C8DEBD /* SDL_main.h */,
				7ABB26D21BF21E5D00C8DEBD /* SDL_messagebox.h */,
				7ABB26D31BF21E5D00C8DEBD /* SDL_mouse.h */,
				7ABB26D41BF21E5E00C8DEBD /* SDL_mutex.h */,
				7ABB26D51BF21E5E00C8DEBD /* SDL_name.h */,
				7ABB26D61BF21E5E00C8DEBD /* SDL_opengl.h */,
				7ABB26D71BF21E5E00C8DEBD /* SDL_opengles.h */,
				7ABB26D81BF21E5E00C8DEBD /* SDL_opengles2.h */,
				7ABB26D91BF21E5E00C8DEBD /* SDL_pixels.h */,
				7ABB26DA1BF21E5E00C8DEBD /* SDL_platform.h */,
				7ABB26DB1BF21E5E00C8DEBD /* SDL_power.h */,
				7ABB26DC1BF21E5E00C8DEBD /* SDL_quit.h */,
				7ABB26DD1BF21E5E00C8DEBD /* SDL_rect.h */,
				7ABB26DE1BF21E5E00C8DEBD /* SDL_render.h */,
				7ABB26DF1BF21E5E00C8DEBD /* SDL_revision.h */,
				7ABB26E01BF21E5E00C8DEBD /* SDL_rwops.h */,
				7ABB26E11BF21E5E00C8DEBD /* SDL_scancode.h */,
				7ABB26E21BF21E5E00C8DEBD /* SDL_shape.h */,
				7ABB26E31BF21E5E00C8DEBD /* SDL_stdinc.h */,
				7ABB26E41BF21E5E00C8DEBD /* SDL_surface.h */,
				7ABB26E51BF21E5E00C8DEBD /* SDL_system.h */,
				7ABB26E61BF21E5E00C8DEBD /* SDL_syswm.h */,
				7ABB26E71BF21E5E00C8DEBD /* SDL_test_assert.h */,
				7ABB26E81BF21E5E00C8DEBD /* SDL_test_common.h */,
				7ABB26E91BF21E5E00C8DEBD /* SDL_test_compare.h */,
				7ABB26EA1BF21E5E00C8DEBD /* SDL_test_crc32.h */,
				7ABB26EB1BF21E5E00C8DEBD /* SDL_test_font.h */,
				7ABB26EC1BF21E5E00C8DEBD /* SDL_test_fuzzer.h */,
				7ABB26ED1BF21E5E00C8DEBD /* SDL_test_harness.h */,
				7ABB26EE1BF21E5E00C8DEBD /* SDL_test_images.h */,
				7ABB26EF1BF21E5E00C8DEBD /* SDL_test_log.h */,
				7ABB26F01BF21E5E00C8DEBD /* SDL_test_md5.h */,
				7ABB26F11BF21E5E00C8DEBD /* SDL_test_random.h */,
				7ABB26F21BF21E5E00C8DEBD /* SDL_test.h */,
				7ABB26F31BF21E5E00C8DEBD /* SDL_thread.h */,
				7ABB26F41BF21E5E00C8DEBD /* SDL_timer.h */,
				7ABB26F51BF21E5E00C8DEBD /* SDL_touch.h */,
				7ABB26F61BF21E5E00C8DEBD /* SDL_types.h */,
				7ABB26F71BF21E5E00C8DEBD /* SDL_version.h */,
				7ABB26F81BF21E5E00C8DEBD /* SDL_video.h */,
				7ABB26F91BF21E5E00C8DEBD /* SDL.h */,
			);
			name = include;
			sourceTree = "<group>";
		};
/* End PBXGroup section */

/* Begin PBXNativeTarget section */
		1D6058900D05DD3D006BFB54 /* TESTSDL01 */ = {
			isa = PBXNativeTarget;
			buildConfigurationList = 1D6058960D05DD3E006BFB54 /* Build configuration list for PBXNativeTarget "TESTSDL01" */;
			buildPhases = (
				1D60588D0D05DD3D006BFB54 /* Resources */,
				1D60588E0D05DD3D006BFB54 /* Sources */,
				1D60588F0D05DD3D006BFB54 /* Frameworks */,
			);
			buildRules = (
			);
			dependencies = (
			);
			name = TESTSDL01;
			productName = "___PROJECTNAME___";
			productReference = 1D6058910D05DD3D006BFB54 /* TESTSDL01.app */;
			productType = "com.apple.product-type.application";
		};
/* End PBXNativeTarget section */

/* Begin PBXProject section */
		29B97313FDCFA39411CA2CEA /* Project object */ = {
			isa = PBXProject;
			attributes = {
				LastUpgradeCheck = 0700;
				TargetAttributes = {
					1D6058900D05DD3D006BFB54 = {
						DevelopmentTeam = ZCC7KUM4YW;
					};
				};
			};
			buildConfigurationList = C01FCF4E08A954540054247B /* Build configuration list for PBXProject "TESTSDL01" */;
			compatibilityVersion = "Xcode 3.2";
			developmentRegion = English;
			hasScannedForEncodings = 1;
			knownRegions = (
				English,
				Japanese,
				French,
				German,
			);
			mainGroup = 29B97314FDCFA39411CA2CEA /* CustomTemplate */;
			projectDirPath = "";
			projectRoot = "";
			targets = (
				1D6058900D05DD3D006BFB54 /* TESTSDL01 */,
			);
		};
/* End PBXProject section */

/* Begin PBXResourcesBuildPhase section */
		1D60588D0D05DD3D006BFB54 /* Resources */ = {
			isa = PBXResourcesBuildPhase;
			buildActionMask = 2147483647;
			files = (
				FD77A07D0E26BD8C00F39101 /* Icon.png in Resources */,
				7ABB26FC1BF21E5E00C8DEBD /* SDL_config.h.in in Resources */,
				FD77A07F0E26BDA900F39101 /* Default.png in Resources */,
				7AB5ADC21BD5909500B364AA /* Default-568h@2x.png in Resources */,
				7ABB26FA1BF21E5E00C8DEBD /* doxyfile in Resources */,
				7ABB26FB1BF21E5E00C8DEBD /* SDL_config.h.cmake in Resources */,
			);
			runOnlyForDeploymentPostprocessing = 0;
		};
/* End PBXResourcesBuildPhase section */

/* Begin PBXSourcesBuildPhase section */
		1D60588E0D05DD3D006BFB54 /* Sources */ = {
			isa = PBXSourcesBuildPhase;
			buildActionMask = 2147483647;
			files = (
				FD77A09D0E26BDE500F39101 /* main.c in Sources */,
			);
			runOnlyForDeploymentPostprocessing = 0;
		};
/* End PBXSourcesBuildPhase section */

/* Begin XCBuildConfiguration section */
		1D6058940D05DD3E006BFB54 /* Debug */ = {
			isa = XCBuildConfiguration;
			baseConfigurationReference = 7A22150E1BD620C400CD6503 /* HaskelliOS.xcconfig */;
			buildSettings = {
				ALWAYS_SEARCH_USER_PATHS = NO;
				CODE_SIGN_IDENTITY = "iPhone Developer";
				COPY_PHASE_STRIP = NO;
				GCC_DYNAMIC_NO_PIC = NO;
				GCC_OPTIMIZATION_LEVEL = 0;
				GCC_PRECOMPILE_PREFIX_HEADER = YES;
				GCC_PREFIX_HEADER = "";
				INFOPLIST_FILE = Info.plist;
				LIBRARY_SEARCH_PATHS = (
					"$(inherited)",
					"\"$(SRCROOT)/SDL/lib\"",
					"$(PROJECT_DIR)/SDL/lib",
				);
				PRODUCT_BUNDLE_IDENTIFIER = com.yourcompany.TESTSDL01;
				PRODUCT_NAME = TESTSDL01;
			};
			name = Debug;
		};
		1D6058950D05DD3E006BFB54 /* Release */ = {
			isa = XCBuildConfiguration;
			baseConfigurationReference = 7A22150E1BD620C400CD6503 /* HaskelliOS.xcconfig */;
			buildSettings = {
				ALWAYS_SEARCH_USER_PATHS = NO;
				CODE_SIGN_IDENTITY = "iPhone Developer";
				COPY_PHASE_STRIP = YES;
				GCC_PRECOMPILE_PREFIX_HEADER = YES;
				GCC_PREFIX_HEADER = "";
				INFOPLIST_FILE = Info.plist;
				LIBRARY_SEARCH_PATHS = (
					"$(inherited)",
					"\"$(SRCROOT)/SDL/lib\"",
					"$(PROJECT_DIR)/SDL/lib",
				);
				PRODUCT_BUNDLE_IDENTIFIER = com.yourcompany.TESTSDL01;
				PRODUCT_NAME = TESTSDL01;
			};
			name = Release;
		};
		C01FCF4F08A954540054247B /* Debug */ = {
			isa = XCBuildConfiguration;
			baseConfigurationReference = 7A22150E1BD620C400CD6503 /* HaskelliOS.xcconfig */;
			buildSettings = {
				"CODE_SIGN_IDENTITY[sdk=iphoneos*]" = "iPhone Developer";
				ENABLE_TESTABILITY = NO;
				GCC_C_LANGUAGE_STANDARD = c99;
				GCC_WARN_ABOUT_RETURN_TYPE = YES;
				GCC_WARN_UNUSED_VARIABLE = NO;
				ONLY_ACTIVE_ARCH = NO;
				OTHER_CFLAGS = "";
				PREBINDING = NO;
				SDKROOT = iphoneos;
			};
			name = Debug;
		};
		C01FCF5008A954540054247B /* Release */ = {
			isa = XCBuildConfiguration;
			baseConfigurationReference = 7A22150E1BD620C400CD6503 /* HaskelliOS.xcconfig */;
			buildSettings = {
				"CODE_SIGN_IDENTITY[sdk=iphoneos*]" = "iPhone Developer";
				GCC_C_LANGUAGE_STANDARD = c99;
				GCC_WARN_ABOUT_RETURN_TYPE = YES;
				GCC_WARN_UNUSED_VARIABLE = NO;
				ONLY_ACTIVE_ARCH = NO;
				OTHER_CFLAGS = "";
				PREBINDING = NO;
				SDKROOT = iphoneos;
			};
			name = Release;
		};
/* End XCBuildConfiguration section */

/* Begin XCConfigurationList section */
		1D6058960D05DD3E006BFB54 /* Build configuration list for PBXNativeTarget "TESTSDL01" */ = {
			isa = XCConfigurationList;
			buildConfigurations = (
				1D6058940D05DD3E006BFB54 /* Debug */,
				1D6058950D05DD3E006BFB54 /* Release */,
			);
			defaultConfigurationIsVisible = 0;
			defaultConfigurationName = Release;
		};
		C01FCF4E08A954540054247B /* Build configuration list for PBXProject "TESTSDL01" */ = {
			isa = XCConfigurationList;
			buildConfigurations = (
				C01FCF4F08A954540054247B /* Debug */,
				C01FCF5008A954540054247B /* Release */,
			);
			defaultConfigurationIsVisible = 0;
			defaultConfigurationName = Release;
		};
/* End XCConfigurationList section */
	};
	rootObject = 29B97313FDCFA39411CA2CEA /* Project object */;
}
